<?xml version="1.0" encoding="utf-8"?>
<Project ToolsVersion="4.0" xmlns="http://schemas.microsoft.com/developer/msbuild/2003">
  <ItemGroup>
    <Filter Include="源文件">
      <UniqueIdentifier>{4FC737F1-C7A5-4376-A066-2A32D752A2FF}</UniqueIdentifier>
      <Extensions>cpp;c;cc;cxx;c++;cppm;ixx;def;odl;idl;hpj;bat;asm;asmx</Extensions>
    </Filter>
    <Filter Include="头文件">
      <UniqueIdentifier>{93995380-89BD-4b04-88EB-625FBE52EBFB}</UniqueIdentifier>
      <Extensions>h;hh;hpp;hxx;h++;hm;inl;inc;ipp;xsd</Extensions>
    </Filter>
    <Filter Include="资源文件">
      <UniqueIdentifier>{67DA6AB6-F800-4c08-8B7A-83BB121AAD01}</UniqueIdentifier>
      <Extensions>rc;ico;cur;bmp;dlg;rc2;rct;bin;rgs;gif;jpg;jpeg;jpe;resx;tiff;tif;png;wav;mfcribbon-ms</Extensions>
    </Filter>
    <Filter Include="源文件\3rd">
      <UniqueIdentifier>{1222eda3-bd45-4b2e-8819-f7a29c9d3e88}</UniqueIdentifier>
    </Filter>
    <Filter Include="头文件\gui">
      <UniqueIdentifier>{d4ed1daf-4eea-4293-b01c-3c8b839e91db}</UniqueIdentifier>
    </Filter>
    <Filter Include="头文件\canvas_core">
      <UniqueIdentifier>{4ac8f9d5-bcb7-4a5f-bca8-93e0373fc5e7}</UniqueIdentifier>
    </Filter>
    <Filter Include="头文件\text_analysis">
      <UniqueIdentifier>{e5c19a15-6f96-496b-9bc9-7fd495434b83}</UniqueIdentifier>
    </Filter>
    <Filter Include="源文件\gui">
      <UniqueIdentifier>{9225b880-c0c9-4e2f-bf09-8a63969e9b67}</UniqueIdentifier>
    </Filter>
    <Filter Include="源文件\canvas_core">
      <UniqueIdentifier>{e7c82d33-8312-4b6d-9647-4accad8d8dd2}</UniqueIdentifier>
    </Filter>
    <Filter Include="源文件\text_analysis">
      <UniqueIdentifier>{a815a929-4d7f-48ec-a8a7-73c41bf96404}</UniqueIdentifier>
    </Filter>
    <Filter Include="头文件\toolbox_core">
      <UniqueIdentifier>{88f8167c-b6d2-4c56-b749-ad8edc1030c5}</UniqueIdentifier>
    </Filter>
    <Filter Include="源文件\toolbox_core">
      <UniqueIdentifier>{5bd72766-d70a-45d7-876c-fa3fe8d1c193}</UniqueIdentifier>
    </Filter>
    <Filter Include="源文件\gui\canvas">
      <UniqueIdentifier>{92290ef0-4797-457a-a49f-d15c94b4e1f0}</UniqueIdentifier>
    </Filter>
    <Filter Include="头文件\gui\canvas">
      <UniqueIdentifier>{b32f01bd-c5de-4ef7-a20f-c582a0e31da2}</UniqueIdentifier>
    </Filter>
    <Filter Include="源文件\sigtree">
      <UniqueIdentifier>{1999574b-24a3-4c59-8d4c-dae9057bc333}</UniqueIdentifier>
    </Filter>
    <Filter Include="头文件\sigtree">
      <UniqueIdentifier>{eed0e8e2-fd3d-439c-8bf8-7f38ab0b77f9}</UniqueIdentifier>
    </Filter>
    <Filter Include="头文件\gui\propertyPanel">
      <UniqueIdentifier>{8bf2fadf-a1e8-48e9-bc29-f93353d13260}</UniqueIdentifier>
    </Filter>
    <Filter Include="源文件\gui\propertyPanel">
      <UniqueIdentifier>{9ba870a6-00d2-463e-9492-46ecf278f079}</UniqueIdentifier>
    </Filter>
    <Filter Include="源文件\simulation">
      <UniqueIdentifier>{a1b2c3d4-e5f6-7890-abcd-ef1234567890}</UniqueIdentifier>
    </Filter>
    <Filter Include="头文件\simulation">
      <UniqueIdentifier>{b2c3d4e5-f6a7-8901-bcde-f23456789012}</UniqueIdentifier>
    </Filter>
    <Filter Include="头文件\gui\terminal">
      <UniqueIdentifier>{3074e575-5bc7-4f7f-97b0-aab4ab67a80c}</UniqueIdentifier>
    </Filter>
    <Filter Include="源文件\gui\terminal">
      <UniqueIdentifier>{76683726-d924-4444-8f82-da1426516998}</UniqueIdentifier>
    </Filter>
    <Filter Include="头文件\plugin">
      <UniqueIdentifier>{01d55f79-143f-4786-af11-22ca509d694c}</UniqueIdentifier>
    </Filter>
    <Filter Include="源文件\plugin">
      <UniqueIdentifier>{deded1a5-91dd-4aad-9366-8226f65c7a88}</UniqueIdentifier>
    </Filter>
  </ItemGroup>
  <ItemGroup>
    <ClCompile Include="cMain.cpp">
      <Filter>源文件</Filter>
    </ClCompile>
    <ClCompile Include="MainFrame.cpp">
      <Filter>源文件\gui</Filter>
    </ClCompile>
    <ClCompile Include="FpgaYosysRuntime.cpp">
      <Filter>源文件</Filter>
    </ClCompile>
    <ClCompile Include="FpgaSynthesisJob.cpp">
      <Filter>源文件</Filter>
    </ClCompile>
    <ClCompile Include="FpgaYosysScriptGenerator.cpp">
      <Filter>源文件</Filter>
    </ClCompile>
    <ClCompile Include="fpga\FpgaPinData.cpp">
      <Filter>源文件</Filter>
    </ClCompile>
    <ClCompile Include="fpga\FpgaConstraint.cpp">
      <Filter>源文件</Filter>
    </ClCompile>
    <ClCompile Include="fpga\FpgaPinBindingPanel.cpp">
      <Filter>源文件\gui</Filter>
    </ClCompile>
    <ClCompile Include="MainMenuBar.cpp">
      <Filter>源文件\gui</Filter>
    </ClCompile>
    <ClCompile Include="ProjectTreePanel.cpp">
      <Filter>源文件\gui</Filter>
    </ClCompile>
    <ClCompile Include="SigTextEditor.cpp">
      <Filter>源文件\gui</Filter>
    </ClCompile>
    <ClCompile Include="ToolboxPanel.cpp">
      <Filter>源文件\gui</Filter>
    </ClCompile>
    <ClCompile Include="AsyncAnalysisCenter.cpp">
      <Filter>源文件\text_analysis</Filter>
    </ClCompile>
    <ClCompile Include="Wire.cpp">
      <Filter>源文件\canvas_core</Filter>
    </ClCompile>
    <ClCompile Include="CanvasModel.cpp">
      <Filter>源文件\canvas_core</Filter>
    </ClCompile>
    <ClCompile Include="CanvasElement.cpp">
      <Filter>源文件\canvas_core</Filter>
    </ClCompile>
    <ClCompile Include="ToolboxModel.cpp">
      <Filter>源文件\toolbox_core</Filter>
    </ClCompile>
    <ClCompile Include="CanvasEventHandler.cpp">
      <Filter>源文件\gui\canvas</Filter>
    </ClCompile>
    <ClCompile Include="CanvasPanel.cpp">
      <Filter>源文件\gui\canvas</Filter>
    </ClCompile>
    <ClCompile Include="HandyToolKit.cpp">
      <Filter>源文件\gui\canvas</Filter>
    </ClCompile>
    <ClCompile Include="ToolStateMachine.cpp">
      <Filter>源文件\gui\canvas</Filter>
    </ClCompile>
    <ClCompile Include="CanvasTextElement.cpp">
      <Filter>源文件\canvas_core</Filter>
    </ClCompile>
    <ClCompile Include="TreeSitterLinter.cpp">
      <Filter>源文件\text_analysis</Filter>
    </ClCompile>
    <ClCompile Include="SigTree.cpp">
      <Filter>源文件\sigtree</Filter>
    </ClCompile>
    <ClCompile Include="VerilogStructuring.cpp">
      <Filter>源文件\text_analysis</Filter>
    </ClCompile>
    <ClCompile Include="SigFlowTreePanel.cpp">
      <Filter>源文件\gui</Filter>
    </ClCompile>
    <ClCompile Include="SFNPropertyPanel.cpp">
      <Filter>源文件\gui\propertyPanel</Filter>
    </ClCompile>
    <ClCompile Include="TerminalController.cpp">
      <Filter>源文件\gui\terminal</Filter>
    </ClCompile>
    <ClCompile Include="TerminalCtrl.cpp">
      <Filter>源文件\gui\terminal</Filter>
    </ClCompile>
    <ClCompile Include="PluginManager.cpp">
      <Filter>源文件\plugin</Filter>
    </ClCompile>
    <ClCompile Include="..\3rd\json\jsoncpp.cpp">
      <Filter>源文件\3rd</Filter>
    </ClCompile>
    <ClCompile Include="..\3rd\tree-sitter\lib\src\lib.c">
      <Filter>源文件\3rd</Filter>
    </ClCompile>
    <ClCompile Include="..\3rd\tree-sitter-verilog\src\parser.c">
      <Filter>源文件\3rd</Filter>
    </ClCompile>
    <ClCompile Include="PluginStore.cpp">
      <Filter>源文件\gui</Filter>
    </ClCompile>
    <ClCompile Include="SVGParser.cpp">
      <Filter>源文件\gui</Filter>
    </ClCompile>
    <ClCompile Include="CanvasNoteBook.cpp">
      <Filter>源文件\gui\canvas</Filter>
    </ClCompile>
    <ClCompile Include="PropertyPanelBuilder.cpp">
      <Filter>源文件\gui\propertyPanel</Filter>
    </ClCompile>
    <ClCompile Include="VerilogManager.cpp">
      <Filter>源文件\text_analysis</Filter>
    </ClCompile>
    <ClCompile Include="WavePanel.cpp">
      <Filter>源文件\gui</Filter>
    </ClCompile>
    <ClCompile Include="..\3rd\vcd\vcd.cpp">
      <Filter>源文件\3rd</Filter>
    </ClCompile>
    <ClCompile Include="ProjectStartWindow.cpp">
      <Filter>源文件</Filter>
    </ClCompile>
  </ItemGroup>
  <ItemGroup>
    <ClInclude Include="my_log.h">
      <Filter>头文件</Filter>
    </ClInclude>
    <ClInclude Include="SigTextEditor.h">
      <Filter>头文件\gui</Filter>
    </ClInclude>
    <ClInclude Include="MainFrame.h">
      <Filter>头文件\gui</Filter>
    </ClInclude>
    <ClInclude Include="FpgaYosysRuntime.h">
      <Filter>头文件</Filter>
    </ClInclude>
    <ClInclude Include="FpgaSynthesisJob.h">
      <Filter>头文件</Filter>
    </ClInclude>
    <ClInclude Include="FpgaYosysScriptGenerator.h">
      <Filter>头文件</Filter>
    </ClInclude>
    <ClInclude Include="fpga\FpgaPinData.h">
      <Filter>头文件</Filter>
    </ClInclude>
    <ClInclude Include="fpga\FpgaConstraint.h">
      <Filter>头文件</Filter>
    </ClInclude>
    <ClInclude Include="fpga\FpgaPinBindingPanel.h">
      <Filter>头文件\gui</Filter>
    </ClInclude>
    <ClInclude Include="ProjectTreePanel.h">
      <Filter>头文件\gui</Filter>
    </ClInclude>
    <ClInclude Include="ToolboxPanel.h">
      <Filter>头文件\gui</Filter>
    </ClInclude>
    <ClInclude Include="CanvasModel.h">
      <Filter>头文件\canvas_core</Filter>
    </ClInclude>
    <ClInclude Include="CanvasElement.h">
      <Filter>头文件\canvas_core</Filter>
    </ClInclude>
    <ClInclude Include="Wire.h">
      <Filter>头文件\canvas_core</Filter>
    </ClInclude>
    <ClInclude Include="AsyncAnalysisCenter.h">
      <Filter>头文件\text_analysis</Filter>
    </ClInclude>
    <ClInclude Include="CanvasTextElement.h">
      <Filter>头文件\canvas_core</Filter>
    </ClInclude>
    <ClInclude Include="MainMenuBar.h">
      <Filter>头文件\gui</Filter>
    </ClInclude>
    <ClInclude Include="ToolboxModel.h">
      <Filter>头文件\toolbox_core</Filter>
    </ClInclude>
    <ClInclude Include="CanvasEventHandler.h">
      <Filter>头文件\gui\canvas</Filter>
    </ClInclude>
    <ClInclude Include="CanvasPanel.h">
      <Filter>头文件\gui\canvas</Filter>
    </ClInclude>
    <ClInclude Include="ToolStateMachine.h">
      <Filter>头文件\gui\canvas</Filter>
    </ClInclude>
    <ClInclude Include="HandyToolKit.h">
      <Filter>头文件\gui\canvas</Filter>
    </ClInclude>
    <ClInclude Include="TreeSitterLinter.h">
      <Filter>头文件\text_analysis</Filter>
    </ClInclude>
    <ClInclude Include="SigTree.h">
      <Filter>头文件\sigtree</Filter>
    </ClInclude>
    <ClInclude Include="VerilogStructuring.h">
      <Filter>头文件\text_analysis</Filter>
    </ClInclude>
    <ClInclude Include="SigFlowTreePanel.h">
      <Filter>头文件\gui</Filter>
    </ClInclude>
    <ClInclude Include="SFNPropertyPanel.h">
      <Filter>头文件\gui\propertyPanel</Filter>
    </ClInclude>
    <ClCompile Include="Simulation\SimulationEngine.cpp">
      <Filter>源文件\simulation</Filter>
    </ClCompile>
    <ClCompile Include="Simulation\VerilatorRunner.cpp">
      <Filter>源文件\simulation</Filter>
    </ClCompile>
    <ClCompile Include="Simulation\ProcessRunner.cpp">
      <Filter>源文件\simulation</Filter>
    </ClCompile>
    <ClCompile Include="Simulation\StimulusParser.cpp">
      <Filter>源文件\simulation</Filter>
    </ClCompile>
    <ClCompile Include="Simulation\TimelineGenerator.cpp">
      <Filter>源文件\simulation</Filter>
    </ClCompile>
    <ClCompile Include="Simulation\SimMainGenerator.cpp">
      <Filter>源文件\simulation</Filter>
    </ClCompile>
    <ClInclude Include="Simulation\SimulationEngine.h">
      <Filter>头文件\simulation</Filter>
    </ClInclude>
    <ClInclude Include="Simulation\VerilatorRunner.h">
      <Filter>头文件\simulation</Filter>
    </ClInclude>
    <ClInclude Include="Simulation\ProcessRunner.h">
      <Filter>头文件\simulation</Filter>
    </ClInclude>
    <ClInclude Include="Simulation\StimulusParser.h">
      <Filter>头文件\simulation</Filter>
    </ClInclude>
    <ClInclude Include="Simulation\TimelineGenerator.h">
      <Filter>头文件\simulation</Filter>
    </ClInclude>
    <ClInclude Include="Simulation\SimMainGenerator.h">
      <Filter>头文件\simulation</Filter>
    </ClInclude>
    <ClInclude Include="TerminalCtrl.h">
      <Filter>头文件\gui\terminal</Filter>
    </ClInclude>
    <ClInclude Include="TerminalController.h">
      <Filter>头文件\gui\terminal</Filter>
    </ClInclude>
    <ClInclude Include="PluginManager.h">
      <Filter>头文件\plugin</Filter>
    </ClInclude>
    <ClInclude Include="PluginStore.h">
      <Filter>头文件\gui</Filter>
    </ClInclude>
    <ClInclude Include="..\3rd\nanosvg\nanosvg.h">
      <Filter>源文件\3rd</Filter>
    </ClInclude>
    <ClInclude Include="CanvasNoteBook.h">
      <Filter>头文件\gui\canvas</Filter>
    </ClInclude>
    <ClInclude Include="PropertyPanelBuilder.h">
      <Filter>头文件\gui\propertyPanel</Filter>
    </ClInclude>
    <ClInclude Include="Statement.h">
      <Filter>头文件\gui</Filter>
    </ClInclude>
    <ClInclude Include="StatementSequence.h">
      <Filter>头文件\gui</Filter>
    </ClInclude>
    <ClInclude Include="VerilogManager.h">
      <Filter>头文件\text_analysis</Filter>
    </ClInclude>
    <ClInclude Include="WavePanel.h">
      <Filter>头文件\gui</Filter>
    </ClInclude>
    <ClInclude Include="ProjectStartWindow.h">
      <Filter>头文件\gui</Filter>
    </ClInclude>
  </ItemGroup>
</Project>
